
Microsoft Visual Studio Solution File, Format Version 12.00
# Visual Studio Version 17
VisualStudioVersion = 17.4.33213.308
MinimumVisualStudioVersion = 10.0.40219.1
Project("{FAE04EC0-301F-11D3-BF4B-00C04F79EFBC}") = "StaticClass", "StaticClass\StaticClass.csproj", "{C5972528-52B1-4923-BE61-FED986CBD7BE}"
EndProject
Global
	GlobalSection(SolutionConfigurationPlatforms) = preSolution
		Debug|Any CPU = Debug|Any CPU
		Release|Any CPU = Release|Any CPU
	EndGlobalSection
	GlobalSection(ProjectConfigurationPlatforms) = postSolution
		{C5972528-52B1-4923-BE61-FED986CBD7BE}.Debug|Any CPU.ActiveCfg = Debug|Any CPU
		{C5972528-52B1-4923-BE61-FED986CBD7BE}.Debug|Any CPU.Build.0 = Debug|Any CPU
		{C5972528-52B1-4923-BE61-FED986CBD7BE}.Release|Any CPU.ActiveCfg = Release|Any CPU
		{C5972528-52B1-4923-BE61-FED986CBD7BE}.Release|Any CPU.Build.0 = Release|Any CPU
	EndGlobalSection
	GlobalSection(SolutionProperties) = preSolution
		HideSolutionNode = FALSE
	EndGlobalSection
	GlobalSection(ExtensibilityGlobals) = postSolution
		SolutionGuid = {1865E0A4-CB09-422E-AAD2-64B88F3FE415}
	EndGlobalSection
EndGlobal
